
Microsoft Visual Studio Solution File, Format Version 12.00
# Visual Studio Version 17
VisualStudioVersion = 17.1.32210.238
MinimumVisualStudioVersion = 10.0.40219.1
Project("{FAE04EC0-301F-11D3-BF4B-00C04F79EFBC}") = "RestSharpAPI_EmployeeWage", "RestSharpAPI_EmployeeWage\RestSharpAPI_EmployeeWage.csproj", "{C95A4AEE-77FB-4163-A45F-7591CDBFFE12}"
EndProject
Global
	GlobalSection(SolutionConfigurationPlatforms) = preSolution
		Debug|Any CPU = Debug|Any CPU
		Release|Any CPU = Release|Any CPU
	EndGlobalSection
	GlobalSection(ProjectConfigurationPlatforms) = postSolution
		{C95A4AEE-77FB-4163-A45F-7591CDBFFE12}.Debug|Any CPU.ActiveCfg = Debug|Any CPU
		{C95A4AEE-77FB-4163-A45F-7591CDBFFE12}.Debug|Any CPU.Build.0 = Debug|Any CPU
		{C95A4AEE-77FB-4163-A45F-7591CDBFFE12}.Release|Any CPU.ActiveCfg = Release|Any CPU
		{C95A4AEE-77FB-4163-A45F-7591CDBFFE12}.Release|Any CPU.Build.0 = Release|Any CPU
	EndGlobalSection
	GlobalSection(SolutionProperties) = preSolution
		HideSolutionNode = FALSE
	EndGlobalSection
	GlobalSection(ExtensibilityGlobals) = postSolution
		SolutionGuid = {DB8BA11A-B068-430C-B7C5-9D328EF44D77}
	EndGlobalSection
EndGlobal
